# This file is automatically @generated by Poetry 1.6.1 and should not be changed by hand.

[[package]]
name = "appdirs"
version = "1.4.4"
description = "A small Python module for determining appropriate platform-specific dirs, e.g. a \"user data dir\"."
optional = false
python-versions = "*"
files = [
    {file = "appdirs-1.4.4-py2.py3-none-any.whl", hash = "sha256:a841dacd6b99318a741b166adb07e19ee71a274450e68237b4650ca1055ab128"},
    {file = "appdirs-1.4.4.tar.gz", hash = "sha256:7d5d0167b2b1ba821647616af46a749d1c653740dd0d2415100fe26e27afdf41"},
]

[[package]]
name = "attrs"
version = "22.2.0"
description = "Classes Without Boilerplate"
optional = false
python-versions = ">=3.6"
files = [
    {file = "attrs-22.2.0-py3-none-any.whl", hash = "sha256:29e95c7f6778868dbd49170f98f8818f78f3dc5e0e37c0b1f474e3561b240836"},
    {file = "attrs-22.2.0.tar.gz", hash = "sha256:c9227bfc2f01993c03f68db37d1d15c9690188323c067c641f1a35ca58185f99"},
]

[package.extras]
cov = ["attrs[tests]", "coverage-enable-subprocess", "coverage[toml] (>=5.3)"]
dev = ["attrs[docs,tests]"]
docs = ["furo", "myst-parser", "sphinx", "sphinx-notfound-page", "sphinxcontrib-towncrier", "towncrier", "zope.interface"]
tests = ["attrs[tests-no-zope]", "zope.interface"]
tests-no-zope = ["cloudpickle", "cloudpickle", "hypothesis", "hypothesis", "mypy (>=0.971,<0.990)", "mypy (>=0.971,<0.990)", "pympler", "pympler", "pytest (>=4.3.0)", "pytest (>=4.3.0)", "pytest-mypy-plugins", "pytest-mypy-plugins", "pytest-xdist[psutil]", "pytest-xdist[psutil]"]

[[package]]
name = "babelfish"
version = "0.6.0"
description = "A module to work with countries and languages"
optional = false
python-versions = ">=3.6,<4.0"
files = [
    {file = "babelfish-0.6.0-py3-none-any.whl", hash = "sha256:268f1c6279f2a04a66837972e8a9f3dcc68e16f1201eec57d2a4b828a8b41b11"},
    {file = "babelfish-0.6.0.tar.gz", hash = "sha256:2dadfadd1b205ca5fa5dc9fa637f5b7933160a0418684c7c46a7a664033208a2"},
]

[[package]]
name = "chardet"
version = "5.2.0"
description = "Universal encoding detector for Python 3"
optional = false
python-versions = ">=3.7"
files = [
    {file = "chardet-5.2.0-py3-none-any.whl", hash = "sha256:e1cf59446890a00105fe7b7912492ea04b6e6f06d4b742b2c788469e34c82970"},
    {file = "chardet-5.2.0.tar.gz", hash = "sha256:1b3b6ff479a8c414bc3fa2c0852995695c4a026dcd6d0633b2dd092ca39c1cf7"},
]

[[package]]
name = "click"
version = "8.1.7"
description = "Composable command line interface toolkit"
optional = false
python-versions = ">=3.7"
files = [
    {file = "click-8.1.7-py3-none-any.whl", hash = "sha256:ae74fb96c20a0277a1d615f1e4d73c8414f5a98db8b799a7931d1582f3390c28"},
    {file = "click-8.1.7.tar.gz", hash = "sha256:ca9853ad459e787e2192211578cc907e7594e294c7ccc834310722b41b9ca6de"},
]

[package.dependencies]
colorama = {version = "*", markers = "platform_system == \"Windows\""}

[[package]]
name = "colorama"
version = "0.4.6"
description = "Cross-platform colored terminal text."
optional = false
python-versions = "!=3.0.*,!=3.1.*,!=3.2.*,!=3.3.*,!=3.4.*,!=3.5.*,!=3.6.*,>=2.7"
files = [
    {file = "colorama-0.4.6-py2.py3-none-any.whl", hash = "sha256:4f1d9991f5acc0ca119f9d443620b77f9d6b33703e51011c16baf57afb285fc6"},
    {file = "colorama-0.4.6.tar.gz", hash = "sha256:08695f5cb7ed6e0531a20572697297273c47b8cae5a63ffc6d6ed5c201be6e44"},
]

[[package]]
name = "coverage"
version = "7.0.4"
description = "Code coverage measurement for Python"
optional = false
python-versions = ">=3.7"
files = [
    {file = "coverage-7.0.4-cp310-cp310-macosx_10_9_x86_64.whl", hash = "sha256:daf91db39324e9939a9db919ee4fb42a1a23634a056616dae891a030e89f87ba"},
    {file = "coverage-7.0.4-cp310-cp310-macosx_11_0_arm64.whl", hash = "sha256:55121fe140d7e42cb970999b93cf1c2b24484ce028b32bbd00238bb25c13e34a"},
    {file = "coverage-7.0.4-cp310-cp310-manylinux_2_17_aarch64.manylinux2014_aarch64.whl", hash = "sha256:c027fbb83a8c78a6e06a0302ea1799fdb70e5cda9845a5e000545b8e2b47ea39"},
    {file = "coverage-7.0.4-cp310-cp310-manylinux_2_5_i686.manylinux1_i686.manylinux_2_17_i686.manylinux2014_i686.whl", hash = "sha256:caf82db5b7f16b51ec32fe0bd2da0805b177c807aa8bfb478c7e6f893418c284"},
    {file = "coverage-7.0.4-cp310-cp310-manylinux_2_5_x86_64.manylinux1_x86_64.manylinux_2_17_x86_64.manylinux2014_x86_64.whl", hash = "sha256:1ba5cc54baf3c322c4388de2a43cc95f7809366f0600e743e5aae8ea9d1038b2"},
    {file = "coverage-7.0.4-cp310-cp310-musllinux_1_1_aarch64.whl", hash = "sha256:260854160083f8275a9d9d49a05ab0ffc7a1f08f2ccccbfaec94a18aae9f407c"},
    {file = "coverage-7.0.4-cp310-cp310-musllinux_1_1_i686.whl", hash = "sha256:ea45f0dba5a993e93b158f1a9dcfff2770e3bcabf2b80dbe7aa15dce0bcb3bf3"},
    {file = "coverage-7.0.4-cp310-cp310-musllinux_1_1_x86_64.whl", hash = "sha256:6abc91f6f8b3cc0ae1034e2c03f38769fba1952ab70d0b26953aa01691265c39"},
    {file = "coverage-7.0.4-cp310-cp310-win32.whl", hash = "sha256:053cdc47cae08257051d7e934a0de4d095b60eb8a3024fa9f1b2322fa1547137"},
    {file = "coverage-7.0.4-cp310-cp310-win_amd64.whl", hash = "sha256:1e9e94f2612ee549a4b3ee79cbc61bceed77e69cf38cfa05858bae939a886d16"},
    {file = "coverage-7.0.4-cp311-cp311-macosx_10_9_x86_64.whl", hash = "sha256:5caa9dd91dcc5f054350dc57a02e053d79633907b9ccffff999568d13dcd19f8"},
    {file = "coverage-7.0.4-cp311-cp311-macosx_11_0_arm64.whl", hash = "sha256:efc200fa75d9634525b40babc7a16342bd21c101db1a58ef84dc14f4bf6ac0fd"},
    {file = "coverage-7.0.4-cp311-cp311-manylinux_2_17_aarch64.manylinux2014_aarch64.whl", hash = "sha256:1791e5f74c5b52f76e83fe9f4bb9571cf76d40ee0c51952ee1e4ee935b7e98b9"},
    {file = "coverage-7.0.4-cp311-cp311-manylinux_2_5_i686.manylinux1_i686.manylinux_2_17_i686.manylinux2014_i686.whl", hash = "sha256:3d9201cfa5a98652b9cef36ab202f17fe3ea83f497b4ba2a8ed39399dfb8fcd4"},
    {file = "coverage-7.0.4-cp311-cp311-manylinux_2_5_x86_64.manylinux1_x86_64.manylinux_2_17_x86_64.manylinux2014_x86_64.whl", hash = "sha256:22d8ef6865cb6834cab2b72fff20747a55c714b57b675f7e11c9624fe4f7cb45"},
    {file = "coverage-7.0.4-cp311-cp311-musllinux_1_1_aarch64.whl", hash = "sha256:b84076e3de192fba0f95e279ac017b64c7c6ecd4f09f36f13420f5bed898a9c7"},
    {file = "coverage-7.0.4-cp311-cp311-musllinux_1_1_i686.whl", hash = "sha256:dcfbf8ffc046f20d75fd775a92c378f6fc7b9bded6c6f2ab88b6b9cb5805a184"},
    {file = "coverage-7.0.4-cp311-cp311-musllinux_1_1_x86_64.whl", hash = "sha256:4665a714af31f160403c2e448fb2fef330719d2e04e836b08d60d612707c1041"},
    {file = "coverage-7.0.4-cp311-cp311-win32.whl", hash = "sha256:2e59aef3fba5758059208c9eff10ae7ded3629e797972746ec33b56844f69411"},
    {file = "coverage-7.0.4-cp311-cp311-win_amd64.whl", hash = "sha256:2b854f7985b48122b6fe346631e86d67b63293f8255cb59a93d79e3d9f1574e3"},
    {file = "coverage-7.0.4-cp37-cp37m-macosx_10_9_x86_64.whl", hash = "sha256:e44b60b0b49aa85d548d392a2dca2c6a581cd4084e72e9e16bd58bd86ec20816"},
    {file = "coverage-7.0.4-cp37-cp37m-manylinux_2_17_aarch64.manylinux2014_aarch64.whl", hash = "sha256:2904d7a0388911c61e7e3beefe48c29dfccaba938fc1158f63190101a21e04c2"},
    {file = "coverage-7.0.4-cp37-cp37m-manylinux_2_5_i686.manylinux1_i686.manylinux_2_17_i686.manylinux2014_i686.whl", hash = "sha256:bc74b64bfa89e2f862ea45dd6ac1def371d7cc883b76680d20bdd61a6f3daa20"},
    {file = "coverage-7.0.4-cp37-cp37m-manylinux_2_5_x86_64.manylinux1_x86_64.manylinux_2_17_x86_64.manylinux2014_x86_64.whl", hash = "sha256:c06046f54e719da21c79f98ecc0962581d1aee0b3798dc6b12b1217da8bf93f4"},
    {file = "coverage-7.0.4-cp37-cp37m-musllinux_1_1_aarch64.whl", hash = "sha256:bc9c77004970a364a1e5454cf7cb884e4277592b959c287689b2a0fd027ef552"},
    {file = "coverage-7.0.4-cp37-cp37m-musllinux_1_1_i686.whl", hash = "sha256:0815a09b32384e8ff00a5939ec9cd10efce8742347e019c2daca1a32f5ac2aae"},
    {file = "coverage-7.0.4-cp37-cp37m-musllinux_1_1_x86_64.whl", hash = "sha256:a78a80d131c067d67d8a6f9bd3d3f7ea7eac82c1c7259f97d7ab73f723da9d55"},
    {file = "coverage-7.0.4-cp37-cp37m-win32.whl", hash = "sha256:2b5936b624fbe711ed02dfd86edd678822e5ee68da02b6d231e5c01090b64590"},
    {file = "coverage-7.0.4-cp37-cp37m-win_amd64.whl", hash = "sha256:a63922765ee49d5b4c32afb2cd5516812c8665f3b78e64a0dd005bdfabf991b1"},
    {file = "coverage-7.0.4-cp38-cp38-macosx_10_9_x86_64.whl", hash = "sha256:d68f2f7bddb3acdd3b36ef7f334b9d14f30b93e094f808fbbd8d288b8f9e2f9b"},
    {file = "coverage-7.0.4-cp38-cp38-macosx_11_0_arm64.whl", hash = "sha256:9dafdba3b2b9010abab08cb8c0dc6549bfca6e1630fe14d47b01dca00d39e694"},
    {file = "coverage-7.0.4-cp38-cp38-manylinux_2_17_aarch64.manylinux2014_aarch64.whl", hash = "sha256:0322354757b47640535daabd2d56384ff3cad2896248fc84d328c5fad4922d5c"},
    {file = "coverage-7.0.4-cp38-cp38-manylinux_2_5_i686.manylinux1_i686.manylinux_2_17_i686.manylinux2014_i686.whl", hash = "sha256:4e8267466662aff93d66fa72b9591d02122dfc8a729b0a43dd70e0fb07ed9b37"},
    {file = "coverage-7.0.4-cp38-cp38-manylinux_2_5_x86_64.manylinux1_x86_64.manylinux_2_17_x86_64.manylinux2014_x86_64.whl", hash = "sha256:f684d88eb4924ed0630cf488fd5606e334c6835594bb5fe36b50a509b10383ed"},
    {file = "coverage-7.0.4-cp38-cp38-musllinux_1_1_aarch64.whl", hash = "sha256:70c294bb15ba576fb96b580db35895bf03749d683df044212b74e938a7f6821f"},
    {file = "coverage-7.0.4-cp38-cp38-musllinux_1_1_i686.whl", hash = "sha256:34c0457e1ba450ae8b22dc8ea2fd36ada1010af61291e4c96963cd9d9633366f"},
    {file = "coverage-7.0.4-cp38-cp38-musllinux_1_1_x86_64.whl", hash = "sha256:b75aff2c35ceaa299691e772f7bf7c8aeab25f46acea2be3dd04cccb914a9860"},
    {file = "coverage-7.0.4-cp38-cp38-win32.whl", hash = "sha256:6c5554d55668381e131577f20e8f620d4882b04ad558f7e7f3f1f55b3124c379"},
    {file = "coverage-7.0.4-cp38-cp38-win_amd64.whl", hash = "sha256:c82f34fafaf5bc05d222fcf84423d6e156432ca35ca78672d4affd0c09c6ef6c"},
    {file = "coverage-7.0.4-cp39-cp39-macosx_10_9_x86_64.whl", hash = "sha256:b8dfb5fed540f77e814bf4ec79619c241af6b4578fa1093c5e3389bbb7beab3f"},
    {file = "coverage-7.0.4-cp39-cp39-macosx_11_0_arm64.whl", hash = "sha256:ee32a080bab779b71c4d09a3eb5254bfca43ee88828a683dab27dfe8f582516e"},
    {file = "coverage-7.0.4-cp39-cp39-manylinux_2_17_aarch64.manylinux2014_aarch64.whl", hash = "sha256:2dfbee0bf0d633be3a2ab068f5a5731a70adf147d0ba17d9f9932b46c7c5782b"},
    {file = "coverage-7.0.4-cp39-cp39-manylinux_2_5_i686.manylinux1_i686.manylinux_2_17_i686.manylinux2014_i686.whl", hash = "sha256:32dc010713455ac0fe2fddb0e48aa43875cc7eb7b09768df10bad8ce45f9c430"},
    {file = "coverage-7.0.4-cp39-cp39-manylinux_2_5_x86_64.manylinux1_x86_64.manylinux_2_17_x86_64.manylinux2014_x86_64.whl", hash = "sha256:9cb88a3019ad042eaa69fc7639ef077793fedbf313e89207aa82fefe92c97ebd"},
    {file = "coverage-7.0.4-cp39-cp39-musllinux_1_1_aarch64.whl", hash = "sha256:73bc6114aab7753ca784f87bcd3b7613bc797aa255b5bca45e5654070ae9acfb"},
    {file = "coverage-7.0.4-cp39-cp39-musllinux_1_1_i686.whl", hash = "sha256:92f135d370fcd7a6fb9659fa2eb716dd2ca364719cbb1756f74d90a221bca1a7"},
    {file = "coverage-7.0.4-cp39-cp39-musllinux_1_1_x86_64.whl", hash = "sha256:f3d485e6ec6e09857bf2115ece572d666b7c498377d4c70e66bb06c63ed177c2"},
    {file = "coverage-7.0.4-cp39-cp39-win32.whl", hash = "sha256:c58921fcd9914b56444292e7546fe183d079db99528142c809549ddeaeacd8e9"},
    {file = "coverage-7.0.4-cp39-cp39-win_amd64.whl", hash = "sha256:f092d9f2ddaa30235d33335fbdb61eb8f3657af519ef5f9dd6bdae65272def11"},
    {file = "coverage-7.0.4-pp37.pp38.pp39-none-any.whl", hash = "sha256:cb8cfa3bf3a9f18211279458917fef5edeb5e1fdebe2ea8b11969ec2ebe48884"},
    {file = "coverage-7.0.4.tar.gz", hash = "sha256:f6c4ad409a0caf7e2e12e203348b1a9b19c514e7d078520973147bf2d3dcbc6f"},
]

[package.dependencies]
tomli = {version = "*", optional = true, markers = "python_full_version <= \"3.11.0a6\" and extra == \"toml\""}

[package.extras]
toml = ["tomli"]

[[package]]
name = "exceptiongroup"
version = "1.1.0"
description = "Backport of PEP 654 (exception groups)"
optional = false
python-versions = ">=3.7"
files = [
    {file = "exceptiongroup-1.1.0-py3-none-any.whl", hash = "sha256:327cbda3da756e2de031a3107b81ab7b3770a602c4d16ca618298c526f4bec1e"},
    {file = "exceptiongroup-1.1.0.tar.gz", hash = "sha256:bcb67d800a4497e1b404c2dd44fca47d3b7a5e5433dbab67f96c1a685cdfdf23"},
]

[package.extras]
test = ["pytest (>=6)"]

[[package]]
name = "flake8"
version = "6.1.0"
description = "the modular source code checker: pep8 pyflakes and co"
optional = false
python-versions = ">=3.8.1"
files = [
    {file = "flake8-6.1.0-py2.py3-none-any.whl", hash = "sha256:ffdfce58ea94c6580c77888a86506937f9a1a227dfcd15f245d694ae20a6b6e5"},
    {file = "flake8-6.1.0.tar.gz", hash = "sha256:d5b3857f07c030bdb5bf41c7f53799571d75c4491748a3adcd47de929e34cd23"},
]

[package.dependencies]
mccabe = ">=0.7.0,<0.8.0"
pycodestyle = ">=2.11.0,<2.12.0"
pyflakes = ">=3.1.0,<3.2.0"

[[package]]
name = "importlib-resources"
version = "5.10.2"
description = "Read resources from Python packages"
optional = false
python-versions = ">=3.7"
files = [
    {file = "importlib_resources-5.10.2-py3-none-any.whl", hash = "sha256:7d543798b0beca10b6a01ac7cafda9f822c54db9e8376a6bf57e0cbd74d486b6"},
    {file = "importlib_resources-5.10.2.tar.gz", hash = "sha256:e4a96c8cc0339647ff9a5e0550d9f276fc5a01ffa276012b58ec108cfd7b8484"},
]

[package.dependencies]
zipp = {version = ">=3.1.0", markers = "python_version < \"3.10\""}

[package.extras]
docs = ["furo", "jaraco.packaging (>=9)", "jaraco.tidelift (>=1.4)", "rst.linker (>=1.9)", "sphinx (>=3.5)", "sphinx-lint"]
testing = ["flake8 (<5)", "pytest (>=6)", "pytest-black (>=0.3.7)", "pytest-checkdocs (>=2.4)", "pytest-cov", "pytest-enabler (>=1.3)", "pytest-flake8", "pytest-mypy (>=0.9.1)"]

[[package]]
name = "iniconfig"
version = "2.0.0"
description = "brain-dead simple config-ini parsing"
optional = false
python-versions = ">=3.7"
files = [
    {file = "iniconfig-2.0.0-py3-none-any.whl", hash = "sha256:b6a85871a79d2e3b22d2d1b94ac2824226a63c6b741c88f7ae975f18b6778374"},
    {file = "iniconfig-2.0.0.tar.gz", hash = "sha256:2d91e135bf72d31a410b17c16da610a82cb55f6b0477d1a902134b24a455b8b3"},
]

[[package]]
name = "jsonschema"
version = "4.20.0"
description = "An implementation of JSON Schema validation for Python"
optional = false
python-versions = ">=3.8"
files = [
    {file = "jsonschema-4.20.0-py3-none-any.whl", hash = "sha256:ed6231f0429ecf966f5bc8dfef245998220549cbbcf140f913b7464c52c3b6b3"},
    {file = "jsonschema-4.20.0.tar.gz", hash = "sha256:4f614fd46d8d61258610998997743ec5492a648b33cf478c1ddc23ed4598a5fa"},
]

[package.dependencies]
attrs = ">=22.2.0"
importlib-resources = {version = ">=1.4.0", markers = "python_version < \"3.9\""}
jsonschema-specifications = ">=2023.03.6"
pkgutil-resolve-name = {version = ">=1.3.10", markers = "python_version < \"3.9\""}
referencing = ">=0.28.4"
rpds-py = ">=0.7.1"

[package.extras]
format = ["fqdn", "idna", "isoduration", "jsonpointer (>1.13)", "rfc3339-validator", "rfc3987", "uri-template", "webcolors (>=1.11)"]
format-nongpl = ["fqdn", "idna", "isoduration", "jsonpointer (>1.13)", "rfc3339-validator", "rfc3986-validator (>0.1.0)", "uri-template", "webcolors (>=1.11)"]

[[package]]
name = "jsonschema-specifications"
version = "2023.6.1"
description = "The JSON Schema meta-schemas and vocabularies, exposed as a Registry"
optional = false
python-versions = ">=3.8"
files = [
    {file = "jsonschema_specifications-2023.6.1-py3-none-any.whl", hash = "sha256:3d2b82663aff01815f744bb5c7887e2121a63399b49b104a3c96145474d091d7"},
    {file = "jsonschema_specifications-2023.6.1.tar.gz", hash = "sha256:ca1c4dd059a9e7b34101cf5b3ab7ff1d18b139f35950d598d629837ef66e8f28"},
]

[package.dependencies]
importlib-resources = {version = ">=1.4.0", markers = "python_version < \"3.9\""}
referencing = ">=0.28.0"

[[package]]
name = "mccabe"
version = "0.7.0"
description = "McCabe checker, plugin for flake8"
optional = false
python-versions = ">=3.6"
files = [
    {file = "mccabe-0.7.0-py2.py3-none-any.whl", hash = "sha256:6c2d30ab6be0e4a46919781807b4f0d834ebdd6c6e3dca0bda5a15f863427b6e"},
    {file = "mccabe-0.7.0.tar.gz", hash = "sha256:348e0240c33b60bbdf4e523192ef919f28cb2c3d7d5c7794f74009290f236325"},
]

[[package]]
name = "packaging"
version = "23.0"
description = "Core utilities for Python packages"
optional = false
python-versions = ">=3.7"
files = [
    {file = "packaging-23.0-py3-none-any.whl", hash = "sha256:714ac14496c3e68c99c29b00845f7a2b85f3bb6f1078fd9f72fd20f0570002b2"},
    {file = "packaging-23.0.tar.gz", hash = "sha256:b6ad297f8907de0fa2fe1ccbd26fdaf387f5f47c7275fedf8cce89f99446cf97"},
]

[[package]]
name = "pkgutil-resolve-name"
version = "1.3.10"
description = "Resolve a name to an object."
optional = false
python-versions = ">=3.6"
files = [
    {file = "pkgutil_resolve_name-1.3.10-py3-none-any.whl", hash = "sha256:ca27cc078d25c5ad71a9de0a7a330146c4e014c2462d9af19c6b828280649c5e"},
    {file = "pkgutil_resolve_name-1.3.10.tar.gz", hash = "sha256:357d6c9e6a755653cfd78893817c0853af365dd51ec97f3d358a819373bbd174"},
]

[[package]]
name = "pluggy"
version = "1.0.0"
description = "plugin and hook calling mechanisms for python"
optional = false
python-versions = ">=3.6"
files = [
    {file = "pluggy-1.0.0-py2.py3-none-any.whl", hash = "sha256:74134bbf457f031a36d68416e1509f34bd5ccc019f0bcc952c7b909d06b37bd3"},
    {file = "pluggy-1.0.0.tar.gz", hash = "sha256:4224373bacce55f955a878bf9cfa763c1e360858e330072059e10bad68531159"},
]

[package.extras]
dev = ["pre-commit", "tox"]
testing = ["pytest", "pytest-benchmark"]

[[package]]
name = "pycodestyle"
version = "2.11.0"
description = "Python style guide checker"
optional = false
python-versions = ">=3.8"
files = [
    {file = "pycodestyle-2.11.0-py2.py3-none-any.whl", hash = "sha256:5d1013ba8dc7895b548be5afb05740ca82454fd899971563d2ef625d090326f8"},
    {file = "pycodestyle-2.11.0.tar.gz", hash = "sha256:259bcc17857d8a8b3b4a2327324b79e5f020a13c16074670f9c8c8f872ea76d0"},
]

[[package]]
name = "pyflakes"
version = "3.1.0"
description = "passive checker of Python programs"
optional = false
python-versions = ">=3.8"
files = [
    {file = "pyflakes-3.1.0-py2.py3-none-any.whl", hash = "sha256:4132f6d49cb4dae6819e5379898f2b8cce3c5f23994194c24b77d5da2e36f774"},
    {file = "pyflakes-3.1.0.tar.gz", hash = "sha256:a0aae034c444db0071aa077972ba4768d40c830d9539fd45bf4cd3f8f6992efc"},
]

[[package]]
name = "pysrt"
version = "1.1.2"
description = "SubRip (.srt) subtitle parser and writer"
optional = false
python-versions = "*"
files = [
    {file = "pysrt-1.1.2.tar.gz", hash = "sha256:b4f844ba33e4e7743e9db746492f3a193dc0bc112b153914698e7c1cdeb9b0b9"},
]

[package.dependencies]
chardet = "*"

[[package]]
name = "pytest"
version = "7.4.2"
description = "pytest: simple powerful testing with Python"
optional = false
python-versions = ">=3.7"
files = [
    {file = "pytest-7.4.2-py3-none-any.whl", hash = "sha256:1d881c6124e08ff0a1bb75ba3ec0bfd8b5354a01c194ddd5a0a870a48d99b002"},
    {file = "pytest-7.4.2.tar.gz", hash = "sha256:a766259cfab564a2ad52cb1aae1b881a75c3eb7e34ca3779697c23ed47c47069"},
]

[package.dependencies]
colorama = {version = "*", markers = "sys_platform == \"win32\""}
exceptiongroup = {version = ">=1.0.0rc8", markers = "python_version < \"3.11\""}
iniconfig = "*"
packaging = "*"
pluggy = ">=0.12,<2.0"
tomli = {version = ">=1.0.0", markers = "python_version < \"3.11\""}

[package.extras]
testing = ["argcomplete", "attrs (>=19.2.0)", "hypothesis (>=3.56)", "mock", "nose", "pygments (>=2.7.2)", "requests", "setuptools", "xmlschema"]

[[package]]
name = "pytest-cov"
version = "4.1.0"
description = "Pytest plugin for measuring coverage."
optional = false
python-versions = ">=3.7"
files = [
    {file = "pytest-cov-4.1.0.tar.gz", hash = "sha256:3904b13dfbfec47f003b8e77fd5b589cd11904a21ddf1ab38a64f204d6a10ef6"},
    {file = "pytest_cov-4.1.0-py3-none-any.whl", hash = "sha256:6ba70b9e97e69fcc3fb45bfeab2d0a138fb65c4d0d6a41ef33983ad114be8c3a"},
]

[package.dependencies]
coverage = {version = ">=5.2.1", extras = ["toml"]}
pytest = ">=4.6"

[package.extras]
testing = ["fields", "hunter", "process-tests", "pytest-xdist", "six", "virtualenv"]

[[package]]
name = "pyyaml"
version = "6.0.1"
description = "YAML parser and emitter for Python"
optional = false
python-versions = ">=3.6"
files = [
    {file = "PyYAML-6.0.1-cp310-cp310-macosx_10_9_x86_64.whl", hash = "sha256:d858aa552c999bc8a8d57426ed01e40bef403cd8ccdd0fc5f6f04a00414cac2a"},
    {file = "PyYAML-6.0.1-cp310-cp310-macosx_11_0_arm64.whl", hash = "sha256:fd66fc5d0da6d9815ba2cebeb4205f95818ff4b79c3ebe268e75d961704af52f"},
    {file = "PyYAML-6.0.1-cp310-cp310-manylinux_2_17_aarch64.manylinux2014_aarch64.whl", hash = "sha256:69b023b2b4daa7548bcfbd4aa3da05b3a74b772db9e23b982788168117739938"},
    {file = "PyYAML-6.0.1-cp310-cp310-manylinux_2_17_s390x.manylinux2014_s390x.whl", hash = "sha256:81e0b275a9ecc9c0c0c07b4b90ba548307583c125f54d5b6946cfee6360c733d"},
    {file = "PyYAML-6.0.1-cp310-cp310-manylinux_2_17_x86_64.manylinux2014_x86_64.whl", hash = "sha256:ba336e390cd8e4d1739f42dfe9bb83a3cc2e80f567d8805e11b46f4a943f5515"},
    {file = "PyYAML-6.0.1-cp310-cp310-musllinux_1_1_x86_64.whl", hash = "sha256:326c013efe8048858a6d312ddd31d56e468118ad4cdeda36c719bf5bb6192290"},
    {file = "PyYAML-6.0.1-cp310-cp310-win32.whl", hash = "sha256:bd4af7373a854424dabd882decdc5579653d7868b8fb26dc7d0e99f823aa5924"},
    {file = "PyYAML-6.0.1-cp310-cp310-win_amd64.whl", hash = "sha256:fd1592b3fdf65fff2ad0004b5e363300ef59ced41c2e6b3a99d4089fa8c5435d"},
    {file = "PyYAML-6.0.1-cp311-cp311-macosx_10_9_x86_64.whl", hash = "sha256:6965a7bc3cf88e5a1c3bd2e0b5c22f8d677dc88a455344035f03399034eb3007"},
    {file = "PyYAML-6.0.1-cp311-cp311-macosx_11_0_arm64.whl", hash = "sha256:f003ed9ad21d6a4713f0a9b5a7a0a79e08dd0f221aff4525a2be4c346ee60aab"},
    {file = "PyYAML-6.0.1-cp311-cp311-manylinux_2_17_aarch64.manylinux2014_aarch64.whl", hash = "sha256:42f8152b8dbc4fe7d96729ec2b99c7097d656dc1213a3229ca5383f973a5ed6d"},
    {file = "PyYAML-6.0.1-cp311-cp311-manylinux_2_17_s390x.manylinux2014_s390x.whl", hash = "sha256:062582fca9fabdd2c8b54a3ef1c978d786e0f6b3a1510e0ac93ef59e0ddae2bc"},
    {file = "PyYAML-6.0.1-cp311-cp311-manylinux_2_17_x86_64.manylinux2014_x86_64.whl", hash = "sha256:d2b04aac4d386b172d5b9692e2d2da8de7bfb6c387fa4f801fbf6fb2e6ba4673"},
    {file = "PyYAML-6.0.1-cp311-cp311-musllinux_1_1_x86_64.whl", hash = "sha256:e7d73685e87afe9f3b36c799222440d6cf362062f78be1013661b00c5c6f678b"},
    {file = "PyYAML-6.0.1-cp311-cp311-win32.whl", hash = "sha256:1635fd110e8d85d55237ab316b5b011de701ea0f29d07611174a1b42f1444741"},
    {file = "PyYAML-6.0.1-cp311-cp311-win_amd64.whl", hash = "sha256:bf07ee2fef7014951eeb99f56f39c9bb4af143d8aa3c21b1677805985307da34"},
    {file = "PyYAML-6.0.1-cp312-cp312-macosx_10_9_x86_64.whl", hash = "sha256:855fb52b0dc35af121542a76b9a84f8d1cd886ea97c84703eaa6d88e37a2ad28"},
    {file = "PyYAML-6.0.1-cp312-cp312-macosx_11_0_arm64.whl", hash = "sha256:40df9b996c2b73138957fe23a16a4f0ba614f4c0efce1e9406a184b6d07fa3a9"},
    {file = "PyYAML-6.0.1-cp312-cp312-manylinux_2_17_x86_64.manylinux2014_x86_64.whl", hash = "sha256:6c22bec3fbe2524cde73d7ada88f6566758a8f7227bfbf93a408a9d86bcc12a0"},
    {file = "PyYAML-6.0.1-cp312-cp312-musllinux_1_1_x86_64.whl", hash = "sha256:8d4e9c88387b0f5c7d5f281e55304de64cf7f9c0021a3525bd3b1c542da3b0e4"},
    {file = "PyYAML-6.0.1-cp312-cp312-win32.whl", hash = "sha256:d483d2cdf104e7c9fa60c544d92981f12ad66a457afae824d146093b8c294c54"},
    {file = "PyYAML-6.0.1-cp312-cp312-win_amd64.whl", hash = "sha256:0d3304d8c0adc42be59c5f8a4d9e3d7379e6955ad754aa9d6ab7a398b59dd1df"},
    {file = "PyYAML-6.0.1-cp36-cp36m-macosx_10_9_x86_64.whl", hash = "sha256:50550eb667afee136e9a77d6dc71ae76a44df8b3e51e41b77f6de2932bfe0f47"},
    {file = "PyYAML-6.0.1-cp36-cp36m-manylinux_2_17_aarch64.manylinux2014_aarch64.whl", hash = "sha256:1fe35611261b29bd1de0070f0b2f47cb6ff71fa6595c077e42bd0c419fa27b98"},
    {file = "PyYAML-6.0.1-cp36-cp36m-manylinux_2_17_s390x.manylinux2014_s390x.whl", hash = "sha256:704219a11b772aea0d8ecd7058d0082713c3562b4e271b849ad7dc4a5c90c13c"},
    {file = "PyYAML-6.0.1-cp36-cp36m-manylinux_2_17_x86_64.manylinux2014_x86_64.whl", hash = "sha256:afd7e57eddb1a54f0f1a974bc4391af8bcce0b444685d936840f125cf046d5bd"},
    {file = "PyYAML-6.0.1-cp36-cp36m-win32.whl", hash = "sha256:fca0e3a251908a499833aa292323f32437106001d436eca0e6e7833256674585"},
    {file = "PyYAML-6.0.1-cp36-cp36m-win_amd64.whl", hash = "sha256:f22ac1c3cac4dbc50079e965eba2c1058622631e526bd9afd45fedd49ba781fa"},
    {file = "PyYAML-6.0.1-cp37-cp37m-macosx_10_9_x86_64.whl", hash = "sha256:b1275ad35a5d18c62a7220633c913e1b42d44b46ee12554e5fd39c70a243d6a3"},
    {file = "PyYAML-6.0.1-cp37-cp37m-manylinux_2_17_aarch64.manylinux2014_aarch64.whl", hash = "sha256:18aeb1bf9a78867dc38b259769503436b7c72f7a1f1f4c93ff9a17de54319b27"},
    {file = "PyYAML-6.0.1-cp37-cp37m-manylinux_2_17_s390x.manylinux2014_s390x.whl", hash = "sha256:596106435fa6ad000c2991a98fa58eeb8656ef2325d7e158344fb33864ed87e3"},
    {file = "PyYAML-6.0.1-cp37-cp37m-manylinux_2_17_x86_64.manylinux2014_x86_64.whl", hash = "sha256:baa90d3f661d43131ca170712d903e6295d1f7a0f595074f151c0aed377c9b9c"},
    {file = "PyYAML-6.0.1-cp37-cp37m-win32.whl", hash = "sha256:9046c58c4395dff28dd494285c82ba00b546adfc7ef001486fbf0324bc174fba"},
    {file = "PyYAML-6.0.1-cp37-cp37m-win_amd64.whl", hash = "sha256:4fb147e7a67ef577a588a0e2c17b6db51dda102c71de36f8549b6816a96e1867"},
    {file = "PyYAML-6.0.1-cp38-cp38-macosx_10_9_x86_64.whl", hash = "sha256:1d4c7e777c441b20e32f52bd377e0c409713e8bb1386e1099c2415f26e479595"},
    {file = "PyYAML-6.0.1-cp38-cp38-manylinux_2_17_aarch64.manylinux2014_aarch64.whl", hash = "sha256:a0cd17c15d3bb3fa06978b4e8958dcdc6e0174ccea823003a106c7d4d7899ac5"},
    {file = "PyYAML-6.0.1-cp38-cp38-manylinux_2_17_s390x.manylinux2014_s390x.whl", hash = "sha256:28c119d996beec18c05208a8bd78cbe4007878c6dd15091efb73a30e90539696"},
    {file = "PyYAML-6.0.1-cp38-cp38-manylinux_2_17_x86_64.manylinux2014_x86_64.whl", hash = "sha256:7e07cbde391ba96ab58e532ff4803f79c4129397514e1413a7dc761ccd755735"},
    {file = "PyYAML-6.0.1-cp38-cp38-musllinux_1_1_x86_64.whl", hash = "sha256:49a183be227561de579b4a36efbb21b3eab9651dd81b1858589f796549873dd6"},
    {file = "PyYAML-6.0.1-cp38-cp38-win32.whl", hash = "sha256:184c5108a2aca3c5b3d3bf9395d50893a7ab82a38004c8f61c258d4428e80206"},
    {file = "PyYAML-6.0.1-cp38-cp38-win_amd64.whl", hash = "sha256:1e2722cc9fbb45d9b87631ac70924c11d3a401b2d7f410cc0e3bbf249f2dca62"},
    {file = "PyYAML-6.0.1-cp39-cp39-macosx_10_9_x86_64.whl", hash = "sha256:9eb6caa9a297fc2c2fb8862bc5370d0303ddba53ba97e71f08023b6cd73d16a8"},
    {file = "PyYAML-6.0.1-cp39-cp39-macosx_11_0_arm64.whl", hash = "sha256:c8098ddcc2a85b61647b2590f825f3db38891662cfc2fc776415143f599bb859"},
    {file = "PyYAML-6.0.1-cp39-cp39-manylinux_2_17_aarch64.manylinux2014_aarch64.whl", hash = "sha256:5773183b6446b2c99bb77e77595dd486303b4faab2b086e7b17bc6bef28865f6"},
    {file = "PyYAML-6.0.1-cp39-cp39-manylinux_2_17_s390x.manylinux2014_s390x.whl", hash = "sha256:b786eecbdf8499b9ca1d697215862083bd6d2a99965554781d0d8d1ad31e13a0"},
    {file = "PyYAML-6.0.1-cp39-cp39-manylinux_2_17_x86_64.manylinux2014_x86_64.whl", hash = "sha256:bc1bf2925a1ecd43da378f4db9e4f799775d6367bdb94671027b73b393a7c42c"},
    {file = "PyYAML-6.0.1-cp39-cp39-musllinux_1_1_x86_64.whl", hash = "sha256:04ac92ad1925b2cff1db0cfebffb6ffc43457495c9b3c39d3fcae417d7125dc5"},
    {file = "PyYAML-6.0.1-cp39-cp39-win32.whl", hash = "sha256:faca3bdcf85b2fc05d06ff3fbc1f83e1391b3e724afa3feba7d13eeab355484c"},
    {file = "PyYAML-6.0.1-cp39-cp39-win_amd64.whl", hash = "sha256:510c9deebc5c0225e8c96813043e62b680ba2f9c50a08d3724c7f28a747d1486"},
    {file = "PyYAML-6.0.1.tar.gz", hash = "sha256:bfdf460b1736c775f2ba9f6a92bca30bc2095067b8a9d77876d1fad6cc3b4a43"},
]

[[package]]
name = "referencing"
version = "0.29.1"
description = "JSON Referencing + Python"
optional = false
python-versions = ">=3.8"
files = [
    {file = "referencing-0.29.1-py3-none-any.whl", hash = "sha256:d3c8f323ee1480095da44d55917cfb8278d73d6b4d5f677e3e40eb21314ac67f"},
    {file = "referencing-0.29.1.tar.gz", hash = "sha256:90cb53782d550ba28d2166ef3f55731f38397def8832baac5d45235f1995e35e"},
]

[package.dependencies]
attrs = ">=22.2.0"
rpds-py = ">=0.7.0"

[[package]]
name = "rpds-py"
version = "0.8.8"
description = "Python bindings to Rust's persistent data structures (rpds)"
optional = false
python-versions = ">=3.8"
files = [
    {file = "rpds_py-0.8.8-cp310-cp310-macosx_10_7_x86_64.whl", hash = "sha256:cea42c2f52e37877e6b877bce64d109a6b0213e32545ecc70d4492d2a4641b8f"},
    {file = "rpds_py-0.8.8-cp310-cp310-macosx_11_0_arm64.whl", hash = "sha256:b189640d59afa8aeff59865fa9d314bca97987c378950f215297e15d64ae1124"},
    {file = "rpds_py-0.8.8-cp310-cp310-manylinux_2_17_aarch64.manylinux2014_aarch64.whl", hash = "sha256:87d74c2526115daa9d805a66377997602185a837ff7ecceed9d27e625c383572"},
    {file = "rpds_py-0.8.8-cp310-cp310-manylinux_2_17_armv7l.manylinux2014_armv7l.whl", hash = "sha256:db71c665fc7ddb9ac53d7b69dc588493c0b71635b28fc8ff64b31eb9db5b3461"},
    {file = "rpds_py-0.8.8-cp310-cp310-manylinux_2_17_ppc64le.manylinux2014_ppc64le.whl", hash = "sha256:2d6a26953d3b291dd7e79e43bb203ed134ca889e63c8ebbc65e3ff98154303ef"},
    {file = "rpds_py-0.8.8-cp310-cp310-manylinux_2_17_s390x.manylinux2014_s390x.whl", hash = "sha256:3660bd2afb23e1ca685df0d3092208fe6c7b2cae8c0be199b3da6d1a4bc91dc5"},
    {file = "rpds_py-0.8.8-cp310-cp310-manylinux_2_17_x86_64.manylinux2014_x86_64.whl", hash = "sha256:4b5164fdad37847e90683d3748dca7c4604f47ecd21e2d651dafc80393d1d314"},
    {file = "rpds_py-0.8.8-cp310-cp310-manylinux_2_5_i686.manylinux1_i686.whl", hash = "sha256:0dfec14a64759186153115d987f9e60b1fa7e8e14a00004a02482e696199e554"},
    {file = "rpds_py-0.8.8-cp310-cp310-musllinux_1_2_aarch64.whl", hash = "sha256:d6696c2a002e982e89975063939a2579623d6d6b24634b147848ec9f35dad7d6"},
    {file = "rpds_py-0.8.8-cp310-cp310-musllinux_1_2_i686.whl", hash = "sha256:13aed64f2e0bef04a0eae6d1d1295f901f6c1640d1e20264dc3b19d62ef1721d"},
    {file = "rpds_py-0.8.8-cp310-cp310-musllinux_1_2_x86_64.whl", hash = "sha256:316a66b0379a9e954872593aa2eb6d61949da2ecc8f572b4dafb07aa0e247171"},
    {file = "rpds_py-0.8.8-cp310-none-win32.whl", hash = "sha256:e4e11f71673905d9e8735b8dd4ef8fa85a82e6003851fe46f9bdc51aebc2cd5d"},
    {file = "rpds_py-0.8.8-cp310-none-win_amd64.whl", hash = "sha256:6b1b235b890373f785507f8f6a644a4f191b7195939e7f6108dc0e5e4fab57fd"},
    {file = "rpds_py-0.8.8-cp311-cp311-macosx_10_7_x86_64.whl", hash = "sha256:d4334405f6c73c29ff94521f78ad53ebb76a9c1b8dafea75852f9f64c3679cf7"},
    {file = "rpds_py-0.8.8-cp311-cp311-macosx_11_0_arm64.whl", hash = "sha256:0df2ae878fd99342415a42659f3bcee34b12441a509033e0ab04c6e301895607"},
    {file = "rpds_py-0.8.8-cp311-cp311-manylinux_2_17_aarch64.manylinux2014_aarch64.whl", hash = "sha256:d2f8666fde7cfd9cdbc6c223876b39697d387f0215d12ed25147e9efec2dff5a"},
    {file = "rpds_py-0.8.8-cp311-cp311-manylinux_2_17_armv7l.manylinux2014_armv7l.whl", hash = "sha256:ea8c4a1232c7bacf73366b0490dda7f67d25958aec1c2f099b6753c8bfe84427"},
    {file = "rpds_py-0.8.8-cp311-cp311-manylinux_2_17_ppc64le.manylinux2014_ppc64le.whl", hash = "sha256:b5cbcbd6451a4af2048fc0b21c15981462f6a378cb039aa53612c6e39958064e"},
    {file = "rpds_py-0.8.8-cp311-cp311-manylinux_2_17_s390x.manylinux2014_s390x.whl", hash = "sha256:d418d2fd8c0fffe2897bc3e15a2e2ec87abf29076f0c36898cc33fb7881c2cbe"},
    {file = "rpds_py-0.8.8-cp311-cp311-manylinux_2_17_x86_64.manylinux2014_x86_64.whl", hash = "sha256:c97e4cbe722474d17c309ee49e09331ceffe345bb72e2b10c6c740788871b122"},
    {file = "rpds_py-0.8.8-cp311-cp311-manylinux_2_5_i686.manylinux1_i686.whl", hash = "sha256:1f60a7eb96fedcc5bf59761d33ac0f2f127d75f8c4b99ed0f138fc0f3601c537"},
    {file = "rpds_py-0.8.8-cp311-cp311-musllinux_1_2_aarch64.whl", hash = "sha256:b3ed0d3498b69159db0d5db1393c8bae4df51cf936b2ef5cda53d800acab0019"},
    {file = "rpds_py-0.8.8-cp311-cp311-musllinux_1_2_i686.whl", hash = "sha256:22afed13c6ad4ccdc650ad44cbc06f835f4f30de201bd4ee2afc09bde06a357a"},
    {file = "rpds_py-0.8.8-cp311-cp311-musllinux_1_2_x86_64.whl", hash = "sha256:78c5577f99d2edc9eed9ec39fae27b73d04d1b2462aff6f6b11207e0364fc40d"},
    {file = "rpds_py-0.8.8-cp311-none-win32.whl", hash = "sha256:42eb3030665ee7a5c03fd4db6b8db1983aa91bcdffbed0f4687751deb2a94a7c"},
    {file = "rpds_py-0.8.8-cp311-none-win_amd64.whl", hash = "sha256:7110854662ccf8db84b90e4624301ef5311cafff7e5f2a63f2d7cc0fc1a75b60"},
    {file = "rpds_py-0.8.8-cp312-cp312-macosx_10_7_x86_64.whl", hash = "sha256:d00b16de3c42bb3d26341b443e48d67d444bb1a4ce6b44dd5600def2da759599"},
    {file = "rpds_py-0.8.8-cp312-cp312-macosx_11_0_arm64.whl", hash = "sha256:4d7e540e4f85c04706ea798f47a86483f3d85c624704413bc701eb75684d35a5"},
    {file = "rpds_py-0.8.8-cp312-cp312-manylinux_2_17_aarch64.manylinux2014_aarch64.whl", hash = "sha256:54a54c3c220e7c5038207912aab23443f829762503a4fcbc5c7bbffef7523b13"},
    {file = "rpds_py-0.8.8-cp312-cp312-manylinux_2_17_armv7l.manylinux2014_armv7l.whl", hash = "sha256:22d5bef6f9942e46582610a60b8420f8e9af7e0c69e35c317cb508c30117f933"},
    {file = "rpds_py-0.8.8-cp312-cp312-manylinux_2_17_ppc64le.manylinux2014_ppc64le.whl", hash = "sha256:c4fccd5e138908ae6f2db5fbfc6769e65372993b0c4c047586de15b6c31a76e8"},
    {file = "rpds_py-0.8.8-cp312-cp312-manylinux_2_17_s390x.manylinux2014_s390x.whl", hash = "sha256:502f0bee154fa1c13514dfddb402ef29b86aca11873a3316de4534cf0e13a1e8"},
    {file = "rpds_py-0.8.8-cp312-cp312-manylinux_2_17_x86_64.manylinux2014_x86_64.whl", hash = "sha256:d9cfd2c2dbb0446ec1ba132e62e1f4880163e43e131dd43f58f58fd46430649b"},
    {file = "rpds_py-0.8.8-cp312-cp312-manylinux_2_5_i686.manylinux1_i686.whl", hash = "sha256:f12e679f29a6c2c0607b7037e7fce4f6430a0d304770768cf6d8036386918c29"},
    {file = "rpds_py-0.8.8-cp312-cp312-musllinux_1_2_aarch64.whl", hash = "sha256:8f9d619c66dc7c018a22a1795a14ab4dad3c76246c9059b681955254a0f58f7c"},
    {file = "rpds_py-0.8.8-cp312-cp312-musllinux_1_2_i686.whl", hash = "sha256:87f9e70c04cc0402f8b14fec8ac91d1b825ac89a9aa015556a0af12a06b5f085"},
    {file = "rpds_py-0.8.8-cp312-cp312-musllinux_1_2_x86_64.whl", hash = "sha256:d72757c0cb6423fe73ecaa2db3adf0077da513b7fe8cb19e102de6df4ccdad0c"},
    {file = "rpds_py-0.8.8-cp38-cp38-macosx_10_7_x86_64.whl", hash = "sha256:d7e46f52272ceecc42c05ad869b068b2dbfb6eb5643bcccecd2327d3cded5a2e"},
    {file = "rpds_py-0.8.8-cp38-cp38-macosx_11_0_arm64.whl", hash = "sha256:7628b2080538faa4a1243b0002678cae7111af68ae7b5aa6cd8526762cace868"},
    {file = "rpds_py-0.8.8-cp38-cp38-manylinux_2_17_aarch64.manylinux2014_aarch64.whl", hash = "sha256:657348b35a4c2e7c2340bf0bc37597900037bd87e9db7e6282711aaa77256e16"},
    {file = "rpds_py-0.8.8-cp38-cp38-manylinux_2_17_armv7l.manylinux2014_armv7l.whl", hash = "sha256:8ac1e47ee4cb2dbd714537e63c67086eec63f56b13208fe450ae5be4f3d65671"},
    {file = "rpds_py-0.8.8-cp38-cp38-manylinux_2_17_ppc64le.manylinux2014_ppc64le.whl", hash = "sha256:cafbfa8f3a27e592bdcc420497e0c9a957c9f812b6c6ebfb7f961409215ba82d"},
    {file = "rpds_py-0.8.8-cp38-cp38-manylinux_2_17_s390x.manylinux2014_s390x.whl", hash = "sha256:9af40bb89e40932e04c0cc1fb516249d6b3ae68ceebd984fdc592a6673244e50"},
    {file = "rpds_py-0.8.8-cp38-cp38-manylinux_2_17_x86_64.manylinux2014_x86_64.whl", hash = "sha256:5b7c87503843a036f898d44c47326a117d23b6269a9f1574adf83d7bb051b839"},
    {file = "rpds_py-0.8.8-cp38-cp38-manylinux_2_5_i686.manylinux1_i686.whl", hash = "sha256:c0fe018430e5e8e1d8b513bcbccdb0ea34b9fd81c32b3a49c41a109fade17cfb"},
    {file = "rpds_py-0.8.8-cp38-cp38-musllinux_1_2_aarch64.whl", hash = "sha256:c7019b2522af6b835118177b6b53f7ed08da28061aa5d44e06286be09799e7a4"},
    {file = "rpds_py-0.8.8-cp38-cp38-musllinux_1_2_i686.whl", hash = "sha256:ac596301c7723809ecb6ec4cb2564b2cadc06f8c07b6348a56fcbf1ae043d751"},
    {file = "rpds_py-0.8.8-cp38-cp38-musllinux_1_2_x86_64.whl", hash = "sha256:f8a1cc37e2395002381510a6862c29634acd67edfe5774661a6c48d8617acae7"},
    {file = "rpds_py-0.8.8-cp38-none-win32.whl", hash = "sha256:e261fa453ad50fe1d9287fa21d962cdbcd3d495cf1160dd0f893883040c455b6"},
    {file = "rpds_py-0.8.8-cp38-none-win_amd64.whl", hash = "sha256:e1700fba17dd63c9c7d5cb03cf838db23cf938dd5cdb1eecb6ba8b8da62c3e73"},
    {file = "rpds_py-0.8.8-cp39-cp39-macosx_10_7_x86_64.whl", hash = "sha256:25a4b357ba7540d7cc709915699d67d505c8177cdb30824127092e1b4886b504"},
    {file = "rpds_py-0.8.8-cp39-cp39-macosx_11_0_arm64.whl", hash = "sha256:f81a570a20f9fce617d728f4e3bdc05bfbb68afa2e795ec0c52544a7923de517"},
    {file = "rpds_py-0.8.8-cp39-cp39-manylinux_2_17_aarch64.manylinux2014_aarch64.whl", hash = "sha256:246a410e540ce7f635c6ad1b7aa00b7dcfc966c5f97217e41092c3f764dac4bf"},
    {file = "rpds_py-0.8.8-cp39-cp39-manylinux_2_17_armv7l.manylinux2014_armv7l.whl", hash = "sha256:bfe98ad05400e7ac7a1df791645db08c66adc92d7a6449a406111303a265b71a"},
    {file = "rpds_py-0.8.8-cp39-cp39-manylinux_2_17_ppc64le.manylinux2014_ppc64le.whl", hash = "sha256:ddb5226b11f4fce98c6e47c07819fbbfdda6d3fd529cd176ad8a1e0b98a70b05"},
    {file = "rpds_py-0.8.8-cp39-cp39-manylinux_2_17_s390x.manylinux2014_s390x.whl", hash = "sha256:6ee396f63a1f540fb3aecb8cc698180d30573a661be47fb3fff45cbd2b5d4686"},
    {file = "rpds_py-0.8.8-cp39-cp39-manylinux_2_17_x86_64.manylinux2014_x86_64.whl", hash = "sha256:6e85ea159f2d2132d4fcb71abb7df9683314f6073bf8ee9f9bd576440245e59c"},
    {file = "rpds_py-0.8.8-cp39-cp39-manylinux_2_5_i686.manylinux1_i686.whl", hash = "sha256:ed823997c3300b541da0fcc9eee8fbe6740e07939ffa432824cfca287472d652"},
    {file = "rpds_py-0.8.8-cp39-cp39-musllinux_1_2_aarch64.whl", hash = "sha256:4333b5c2801e44bf342207a7700378a1013f300116c9553ce1ffbc73047d2a02"},
    {file = "rpds_py-0.8.8-cp39-cp39-musllinux_1_2_i686.whl", hash = "sha256:681ef7a21e6990583533c3a3038b7176f5e51e5d345fe2d9109b54f6bffcabcd"},
    {file = "rpds_py-0.8.8-cp39-cp39-musllinux_1_2_x86_64.whl", hash = "sha256:1891903e567d728175c0475a1f0ffc1d1580013b0b265b9e2f1b8c93d58b2d05"},
    {file = "rpds_py-0.8.8-cp39-none-win32.whl", hash = "sha256:ee42ce4ef46ea334ce8ab63d5a57c7fd78238c9c7293b3caa6dfedf11bd28773"},
    {file = "rpds_py-0.8.8-cp39-none-win_amd64.whl", hash = "sha256:0e8da63b9baa154ec9ddd6dd397893830d17e5812ceb50edbae8122d8ecb9f2e"},
    {file = "rpds_py-0.8.8-pp310-pypy310_pp73-macosx_10_7_x86_64.whl", hash = "sha256:ecc79cd61c4c16f92521c7d34e0f534bc486fc5ed5d1fdf8d4e6e0c578dc7e07"},
    {file = "rpds_py-0.8.8-pp310-pypy310_pp73-macosx_11_0_arm64.whl", hash = "sha256:d43e4253469a6149f4dae91189ccbf832dcd870109b940fa6acb02769e57802b"},
    {file = "rpds_py-0.8.8-pp310-pypy310_pp73-manylinux_2_17_aarch64.manylinux2014_aarch64.whl", hash = "sha256:9985927f001d98d38ad90e0829d3e3c162ce42060bafb833782a934bf1d1d39b"},
    {file = "rpds_py-0.8.8-pp310-pypy310_pp73-manylinux_2_17_armv7l.manylinux2014_armv7l.whl", hash = "sha256:7af604c6581da01fd5f89a917c903a324779fdfa7b3ae66204865d34b5f2c502"},
    {file = "rpds_py-0.8.8-pp310-pypy310_pp73-manylinux_2_17_ppc64le.manylinux2014_ppc64le.whl", hash = "sha256:53ed81e3a9a0eb3dfd404ee097d4f50ec6985301ea6e03b4d57cd7ef239179f9"},
    {file = "rpds_py-0.8.8-pp310-pypy310_pp73-manylinux_2_17_s390x.manylinux2014_s390x.whl", hash = "sha256:7e6b93a8a17e84a53fa6636037955ba8e795f6645dab5ccbeb356c8dbc9cb371"},
    {file = "rpds_py-0.8.8-pp310-pypy310_pp73-manylinux_2_17_x86_64.manylinux2014_x86_64.whl", hash = "sha256:592b9de8d82e919ffbf069e586808f56118a7f522bb0d018c54fa3526e5f2bed"},
    {file = "rpds_py-0.8.8-pp310-pypy310_pp73-manylinux_2_5_i686.manylinux1_i686.whl", hash = "sha256:af0920c26fe3421f9e113975c185f7c42a3f0a8ead72cee5b4e6648af5d8cecc"},
    {file = "rpds_py-0.8.8-pp310-pypy310_pp73-musllinux_1_2_aarch64.whl", hash = "sha256:28ce85916d7377b9734b280872fb456aa048712901edff9d60836c7b2e177265"},
    {file = "rpds_py-0.8.8-pp310-pypy310_pp73-musllinux_1_2_i686.whl", hash = "sha256:cbbb26ac4dade6fdec22cb1155ca38d270b308f57cfd48a13a7a8ecc79369e82"},
    {file = "rpds_py-0.8.8-pp310-pypy310_pp73-musllinux_1_2_x86_64.whl", hash = "sha256:8469755965ff2aa1da08e6e0afcde08950ebba84a4836cdc1672d097c62ffdbd"},
    {file = "rpds_py-0.8.8-pp38-pypy38_pp73-macosx_10_7_x86_64.whl", hash = "sha256:f1c84912d77b01651488bbe392df593b4c5852e213477e268ebbb7c799059d78"},
    {file = "rpds_py-0.8.8-pp38-pypy38_pp73-macosx_11_0_arm64.whl", hash = "sha256:180963bb3e1fcc6ed6313ece5e065f0df4021a7eb7016084d3cbc90cd2a8af3e"},
    {file = "rpds_py-0.8.8-pp38-pypy38_pp73-manylinux_2_17_aarch64.manylinux2014_aarch64.whl", hash = "sha256:8e1251d6690f356a305192089017da83999cded1d7e2405660d14c1dff976af7"},
    {file = "rpds_py-0.8.8-pp38-pypy38_pp73-manylinux_2_17_armv7l.manylinux2014_armv7l.whl", hash = "sha256:36266e2e49b36ec6cc148e36667030d8e7f1c009edd2ca978ab09ed9c5a7589a"},
    {file = "rpds_py-0.8.8-pp38-pypy38_pp73-manylinux_2_17_ppc64le.manylinux2014_ppc64le.whl", hash = "sha256:7bd8dbc1c63668124e5e48e601d32f1053cfd5a86004ae0e55dc9ba8b1e7de29"},
    {file = "rpds_py-0.8.8-pp38-pypy38_pp73-manylinux_2_17_s390x.manylinux2014_s390x.whl", hash = "sha256:0c62fdb01111da948e8446caaefebf2ca4307a58fcbc10039b48d0db7205397c"},
    {file = "rpds_py-0.8.8-pp38-pypy38_pp73-manylinux_2_17_x86_64.manylinux2014_x86_64.whl", hash = "sha256:79ac819182795a2168ed11075c7362de368f360244fb7cea8274c222b2d55365"},
    {file = "rpds_py-0.8.8-pp38-pypy38_pp73-manylinux_2_5_i686.manylinux1_i686.whl", hash = "sha256:b949e86affe17c8828d82936c51d7aa9b686511f9ac99a4b1de596d7140c8083"},
    {file = "rpds_py-0.8.8-pp38-pypy38_pp73-musllinux_1_2_aarch64.whl", hash = "sha256:fffd98c1fd6b38df35e471549c2486d826af0fda6ca55c0bbbb956b291e7f2ae"},
    {file = "rpds_py-0.8.8-pp38-pypy38_pp73-musllinux_1_2_i686.whl", hash = "sha256:9b331fa451d725258c1ad0ae6816cf36d55294e5cb68338cf91550b9a448a48f"},
    {file = "rpds_py-0.8.8-pp38-pypy38_pp73-musllinux_1_2_x86_64.whl", hash = "sha256:18a97bb7f211b247346983092186927c517153ac155c611f43ca83d5ee93a3e2"},
    {file = "rpds_py-0.8.8-pp39-pypy39_pp73-macosx_10_7_x86_64.whl", hash = "sha256:df3097abf5fd09bfcd8f6fd02d052b25cc3e160b3ee71b6fbd831b2cd516c958"},
    {file = "rpds_py-0.8.8-pp39-pypy39_pp73-macosx_11_0_arm64.whl", hash = "sha256:961828c668140796c4963edb14cd968666d5414b9b5829997a4f475fd917906e"},
    {file = "rpds_py-0.8.8-pp39-pypy39_pp73-manylinux_2_17_aarch64.manylinux2014_aarch64.whl", hash = "sha256:b5a55fd01f61df19e4f53fd67b63ca9bf47559632c3f7d4037faa06d3a6fed54"},
    {file = "rpds_py-0.8.8-pp39-pypy39_pp73-manylinux_2_17_armv7l.manylinux2014_armv7l.whl", hash = "sha256:8f64ef5700ff8fded62b12d1ea55463031cc5a353b670ed7146126c6cbf28788"},
    {file = "rpds_py-0.8.8-pp39-pypy39_pp73-manylinux_2_17_ppc64le.manylinux2014_ppc64le.whl", hash = "sha256:a747477838a90b9264f434b5399309f9badb32c80ff3e9c4f6d5b87fddcbaa09"},
    {file = "rpds_py-0.8.8-pp39-pypy39_pp73-manylinux_2_17_s390x.manylinux2014_s390x.whl", hash = "sha256:358c7a976482537d26fcbdc7808e7cc25f64816fe89681f9aa8bef13e16c7370"},
    {file = "rpds_py-0.8.8-pp39-pypy39_pp73-manylinux_2_17_x86_64.manylinux2014_x86_64.whl", hash = "sha256:e086610118163400a1822af0ee857581c0e047aa50a9c3543d17fbe65183a339"},
    {file = "rpds_py-0.8.8-pp39-pypy39_pp73-manylinux_2_5_i686.manylinux1_i686.whl", hash = "sha256:755a837fb7053dbf511fba26343423bd80d3b75a5d7f57f6e407c2fe5ae46682"},
    {file = "rpds_py-0.8.8-pp39-pypy39_pp73-musllinux_1_2_aarch64.whl", hash = "sha256:247a1fd9bcdb373380cb8c0041417c9995fc163c9d88a39f5ec3d960114aca22"},
    {file = "rpds_py-0.8.8-pp39-pypy39_pp73-musllinux_1_2_i686.whl", hash = "sha256:c26b1a0425c038cc23cf5770a47d7a7382fe68d6d10fb2a52c2896ca94e72550"},
    {file = "rpds_py-0.8.8-pp39-pypy39_pp73-musllinux_1_2_x86_64.whl", hash = "sha256:4c66a5f9ca9c5fcb2527ad969541521f7216db713a7bd63aee52c3f5efa5924a"},
    {file = "rpds_py-0.8.8.tar.gz", hash = "sha256:300b8579740b06e246238b730e636f314a7d8dc475be1868650f5d3ddc29a0d8"},
]

[[package]]
name = "tomli"
version = "2.0.1"
description = "A lil' TOML parser"
optional = false
python-versions = ">=3.7"
files = [
    {file = "tomli-2.0.1-py3-none-any.whl", hash = "sha256:939de3e7a6161af0c887ef91b7d41a53e7c5a1ca976325f429cb46ea9bc30ecc"},
    {file = "tomli-2.0.1.tar.gz", hash = "sha256:de526c12914f0c550d15924c62d72abc48d6fe7364aa87328337a31007fe8a4f"},
]

[[package]]
name = "zipp"
version = "3.11.0"
description = "Backport of pathlib-compatible object wrapper for zip files"
optional = false
python-versions = ">=3.7"
files = [
    {file = "zipp-3.11.0-py3-none-any.whl", hash = "sha256:83a28fcb75844b5c0cdaf5aa4003c2d728c77e05f5aeabe8e95e56727005fbaa"},
    {file = "zipp-3.11.0.tar.gz", hash = "sha256:a7a22e05929290a67401440b39690ae6563279bced5f314609d9d03798f56766"},
]

[package.extras]
docs = ["furo", "jaraco.packaging (>=9)", "jaraco.tidelift (>=1.4)", "rst.linker (>=1.9)", "sphinx (>=3.5)"]
testing = ["flake8 (<5)", "func-timeout", "jaraco.functools", "jaraco.itertools", "more-itertools", "pytest (>=6)", "pytest-black (>=0.3.7)", "pytest-checkdocs (>=2.4)", "pytest-cov", "pytest-enabler (>=1.3)", "pytest-flake8", "pytest-mypy (>=0.9.1)"]

[metadata]
lock-version = "2.0"
python-versions = "^3.8.1"
content-hash = "68022538fadc71beb014bfe6a330d9266e6992586a3e8dba85bbccf3edcae377"
